
Microsoft Visual Studio Solution File, Format Version 11.00
# Visual C# Express 2010
Project("{FAE04EC0-301F-11D3-BF4B-00C04F79EFBC}") = "SSHConsole", "SSHConsole\SSHConsole.csproj", "{2F27915D-CA69-45CB-8A97-B4E5BC88412F}"
EndProject
Project("{FAE04EC0-301F-11D3-BF4B-00C04F79EFBC}") = "TerminalControl", "TerminalControl\TerminalControl.csproj", "{D24621F5-E738-4BBB-AFAA-AD579BD992C8}"
EndProject
Global
	GlobalSection(SolutionConfigurationPlatforms) = preSolution
		Debug|Any CPU = Debug|Any CPU
		Debug|Mixed Platforms = Debug|Mixed Platforms
		Debug|x86 = Debug|x86
		Release|Any CPU = Release|Any CPU
		Release|Mixed Platforms = Release|Mixed Platforms
		Release|x86 = Release|x86
	EndGlobalSection
	GlobalSection(ProjectConfigurationPlatforms) = postSolution
		{2F27915D-CA69-45CB-8A97-B4E5BC88412F}.Debug|Any CPU.ActiveCfg = Debug|x86
		{2F27915D-CA69-45CB-8A97-B4E5BC88412F}.Debug|Mixed Platforms.ActiveCfg = Debug|x86
		{2F27915D-CA69-45CB-8A97-B4E5BC88412F}.Debug|Mixed Platforms.Build.0 = Debug|x86
		{2F27915D-CA69-45CB-8A97-B4E5BC88412F}.Debug|x86.ActiveCfg = Debug|x86
		{2F27915D-CA69-45CB-8A97-B4E5BC88412F}.Debug|x86.Build.0 = Debug|x86
		{2F27915D-CA69-45CB-8A97-B4E5BC88412F}.Release|Any CPU.ActiveCfg = Release|x86
		{2F27915D-CA69-45CB-8A97-B4E5BC88412F}.Release|Mixed Platforms.ActiveCfg = Release|x86
		{2F27915D-CA69-45CB-8A97-B4E5BC88412F}.Release|Mixed Platforms.Build.0 = Release|x86
		{2F27915D-CA69-45CB-8A97-B4E5BC88412F}.Release|x86.ActiveCfg = Release|x86
		{2F27915D-CA69-45CB-8A97-B4E5BC88412F}.Release|x86.Build.0 = Release|x86
		{D24621F5-E738-4BBB-AFAA-AD579BD992C8}.Debug|Any CPU.ActiveCfg = Debug|Any CPU
		{D24621F5-E738-4BBB-AFAA-AD579BD992C8}.Debug|Any CPU.Build.0 = Debug|Any CPU
		{D24621F5-E738-4BBB-AFAA-AD579BD992C8}.Debug|Mixed Platforms.ActiveCfg = Debug|Any CPU
		{D24621F5-E738-4BBB-AFAA-AD579BD992C8}.Debug|Mixed Platforms.Build.0 = Debug|Any CPU
		{D24621F5-E738-4BBB-AFAA-AD579BD992C8}.Debug|x86.ActiveCfg = Debug|Any CPU
		{D24621F5-E738-4BBB-AFAA-AD579BD992C8}.Release|Any CPU.ActiveCfg = Release|Any CPU
		{D24621F5-E738-4BBB-AFAA-AD579BD992C8}.Release|Any CPU.Build.0 = Release|Any CPU
		{D24621F5-E738-4BBB-AFAA-AD579BD992C8}.Release|Mixed Platforms.ActiveCfg = Release|Any CPU
		{D24621F5-E738-4BBB-AFAA-AD579BD992C8}.Release|Mixed Platforms.Build.0 = Release|Any CPU
		{D24621F5-E738-4BBB-AFAA-AD579BD992C8}.Release|x86.ActiveCfg = Release|Any CPU
	EndGlobalSection
	GlobalSection(SolutionProperties) = preSolution
		HideSolutionNode = FALSE
	EndGlobalSection
EndGlobal
